{
  "requires": true,
  "lockfileVersion": 1,
  "dependencies": {
    "@rails/request.js": {
      "version": "0.0.9",
      "resolved": "https://registry.npmjs.org/@rails/request.js/-/request.js-0.0.9.tgz",
      "integrity": "sha512-VleYUyrA3rwKMvYnz7MI9Ada85Vekjb/WVz7NuGgDO24Y3Zy9FFSpDMQW+ea/tlftD+CdX/W/sUosRA9/HkDOQ=="
    }
  }
}
